
Microsoft Visual Studio Solution File, Format Version 12.00
# Visual Studio Version 17
VisualStudioVersion = 17.7.34031.279
MinimumVisualStudioVersion = 10.0.40219.1
Project("{9A19103F-16F7-4668-BE54-9A1E7A4F7556}") = "Utsuho character mod", "Utsuho character mod\Utsuho character mod.csproj", "{44B13A47-7F5B-4F66-AF8E-5EE800B49C98}"
	ProjectSection(ProjectDependencies) = postProject
		{08B13C38-3DE5-41D9-B891-FC4AB074B663} = {08B13C38-3DE5-41D9-B891-FC4AB074B663}
	EndProjectSection
EndProject
Project("{9A19103F-16F7-4668-BE54-9A1E7A4F7556}") = "LBoL-AddWatermark", "..\LBoL-ModdingTools\src\LBoL-AddWatermark\LBoL-AddWatermark.csproj", "{08B13C38-3DE5-41D9-B891-FC4AB074B663}"
EndProject
Global
	GlobalSection(SolutionConfigurationPlatforms) = preSolution
		Debug|Any CPU = Debug|Any CPU
		Release|Any CPU = Release|Any CPU
	EndGlobalSection
	GlobalSection(ProjectConfigurationPlatforms) = postSolution
		{44B13A47-7F5B-4F66-AF8E-5EE800B49C98}.Debug|Any CPU.ActiveCfg = Debug|Any CPU
		{44B13A47-7F5B-4F66-AF8E-5EE800B49C98}.Debug|Any CPU.Build.0 = Debug|Any CPU
		{44B13A47-7F5B-4F66-AF8E-5EE800B49C98}.Release|Any CPU.ActiveCfg = Release|Any CPU
		{44B13A47-7F5B-4F66-AF8E-5EE800B49C98}.Release|Any CPU.Build.0 = Release|Any CPU
		{08B13C38-3DE5-41D9-B891-FC4AB074B663}.Debug|Any CPU.ActiveCfg = Debug|Any CPU
		{08B13C38-3DE5-41D9-B891-FC4AB074B663}.Debug|Any CPU.Build.0 = Debug|Any CPU
		{08B13C38-3DE5-41D9-B891-FC4AB074B663}.Release|Any CPU.ActiveCfg = Release|Any CPU
		{08B13C38-3DE5-41D9-B891-FC4AB074B663}.Release|Any CPU.Build.0 = Release|Any CPU
	EndGlobalSection
	GlobalSection(SolutionProperties) = preSolution
		HideSolutionNode = FALSE
	EndGlobalSection
	GlobalSection(ExtensibilityGlobals) = postSolution
		SolutionGuid = {1ADC1C04-CDEE-4F81-BB1C-BD690B979951}
	EndGlobalSection
EndGlobal
